# THIS IS AN AUTOGENERATED FILE. DO NOT EDIT THIS FILE DIRECTLY.
assets/FontAwesome.otf:
  development: 2017-02-02T20:51:43-08:00   8daab3c4f8252e0c3a3069ac0913b4a4
  production: 2017-02-13T12:20:04-08:00   8daab3c4f8252e0c3a3069ac0913b4a4
assets/LeituraNewsRoman.eot:
  development: 2017-02-02T20:38:26-08:00   76c3f482f0131518db7e7537e24eca34
  production: 2017-02-13T12:20:05-08:00   76c3f482f0131518db7e7537e24eca34
assets/LeituraNewsRoman.ttf:
  development: 2017-02-02T20:38:35-08:00   673d83a6e7de39c677b1cadbf1818db6
  production: 2017-02-13T12:20:05-08:00   673d83a6e7de39c677b1cadbf1818db6
assets/LeituraNewsRoman.woff:
  development: 2017-02-02T20:38:30-08:00   7623d78624284f5e060b6619843e9dde
  production: 2017-02-13T12:20:05-08:00   7623d78624284f5e060b6619843e9dde
assets/LeituraNewsRoman.woff2:
  development: 2017-02-02T20:38:29-08:00   927bb7f765886f8100011e30826812d4
  production: 2017-02-13T12:20:05-08:00   927bb7f765886f8100011e30826812d4
assets/LeituraNewsRomanItalic.eot:
  development: 2017-03-23T18:13:40-07:00   03dfa7ab544b1248d3df7509838204b1
  production: 2017-03-23T18:21:02-07:00   03dfa7ab544b1248d3df7509838204b1
assets/LeituraNewsRomanItalic.ttf:
  development: 2017-03-23T18:13:41-07:00   114c2e72ac8b26b2b04036893b522efa
  production: 2017-03-23T18:21:03-07:00   114c2e72ac8b26b2b04036893b522efa
assets/LeituraNewsRomanItalic.woff:
  development: 2017-03-23T18:13:41-07:00   78e980e312e27960729f9b466ad80448
  production: 2017-03-23T18:21:03-07:00   78e980e312e27960729f9b466ad80448
assets/LeituraNewsRomanItalic.woff2:
  development: 2017-03-23T18:13:41-07:00   9576d752fcf3eb05c3760396ef6c8c8b
  production: 2017-03-23T18:21:03-07:00   9576d752fcf3eb05c3760396ef6c8c8b
assets/SangBleuSerif-Light.eot:
  development: 2017-07-24T15:30:55-07:00   29b31231ea1253d80e56fee8f8c0aecc
  production: 2017-11-14T15:17:22-08:00   29b31231ea1253d80e56fee8f8c0aecc
assets/SangBleuSerif-Light.svg:
  development: 2017-07-24T15:31:37-07:00   1b7fab00d2068bc44454c064a7d677ef
  production: 2017-11-14T15:17:22-08:00   1b7fab00d2068bc44454c064a7d677ef
assets/SangBleuSerif-Light.ttf:
  development: 2017-07-24T15:31:38-07:00   7a351a5c06dc9d39fa3bd13f66d6f575
  production: 2017-11-14T15:17:19-08:00   7a351a5c06dc9d39fa3bd13f66d6f575
assets/SangBleuSerif-Light.woff:
  development: 2017-07-24T15:31:37-07:00   9f88b938e3295f673b2d12ec25e386c7
  production: 2017-11-14T15:17:24-08:00   9f88b938e3295f673b2d12ec25e386c7
assets/SangBleuSerif-LightItalic.eot:
  development: 2017-07-24T15:31:37-07:00   336d29cbd8057eada19c28c3da5aeeac
  production: 2017-11-14T15:17:16-08:00   336d29cbd8057eada19c28c3da5aeeac
assets/SangBleuSerif-LightItalic.svg:
  development: 2017-07-24T15:31:40-07:00   2ce437139384a4ee945c7dcb10e66e21
  production: 2017-11-14T15:17:20-08:00   2ce437139384a4ee945c7dcb10e66e21
assets/SangBleuSerif-LightItalic.ttf:
  development: 2017-07-24T15:31:39-07:00   47cd5aa5f2c4865c5b79cc8eec736cd5
  production: 2017-11-14T15:17:21-08:00   47cd5aa5f2c4865c5b79cc8eec736cd5
assets/SangBleuSerif-LightItalic.woff:
  development: 2017-07-24T15:31:39-07:00   1de8550593b4e450578b008132fd74e0
  production: 2017-11-14T15:17:18-08:00   1de8550593b4e450578b008132fd74e0
assets/arrow-down.svg.liquid:
  development: 2017-02-02T13:12:06-08:00   3d86e10debe8b76a0ed23e8efdf2eaa3
  production: 2017-02-13T12:20:03-08:00   3d86e10debe8b76a0ed23e8efdf2eaa3
assets/cart.svg.liquid:
  development: 2017-02-02T13:12:06-08:00   debed3e55e808dd299c78e2ba6f2f4f8
  production: 2017-02-13T12:20:03-08:00   debed3e55e808dd299c78e2ba6f2f4f8
assets/classie.js:
  development: 2018-06-28T15:02:45-07:00   21d581e440857812d75852456aadd926
  production: 2018-01-03T13:15:16-08:00   5702464d81eeb105c7572489eb964aff
assets/classie.js.map:
  development: 2018-06-28T15:02:43-07:00   db9d1eded7ce9a439ef7006f699d3ccb
  production: 2018-01-03T13:15:13-08:00   abb6b70f877b299984275defb89d68fe
assets/close_ico_dropahint.png:
  development: 2017-11-16T16:26:25-08:00   506189c5d029d377076f43397afd73bd
  production: 2017-11-01T05:29:01-07:00   506189c5d029d377076f43397afd73bd
assets/custom-hero.jpg:
  development: 2017-02-12T19:13:14-08:00   a3ee36c8399ba6e07b97f457591e7f94
  production: 2017-02-13T12:20:03-08:00   a3ee36c8399ba6e07b97f457591e7f94
assets/custom-hero_mobile.jpg:
  development: 2017-02-12T19:13:13-08:00   b3d933144660448b336c48ff0776c259
  production: 2017-02-13T12:20:03-08:00   b3d933144660448b336c48ff0776c259
assets/custom-item-invoice-image.jpg:
  development: 2018-06-28T14:33:16-07:00   ddaf91ab14e2516165302ae4bf248022
assets/favicon.png:
  development: 2017-03-02T14:34:45-08:00   74376bd7d258dff3129e6c432d598091
  production: 2017-03-02T15:23:36-08:00   74376bd7d258dff3129e6c432d598091
assets/findus-banner-2048.jpg:
  development: 2018-06-28T14:33:16-07:00   52994a2293b204e585e076a8f843c69f
  production: 2018-02-08T13:34:30-08:00   e884d0e781cb4d970fb355c01bea4aa6
assets/fontawesome-webfont.eot:
  development: 2017-02-02T20:51:39-08:00   5ae23ad29b67289a1375d2043e289c52
  production: 2017-02-13T12:20:03-08:00   5ae23ad29b67289a1375d2043e289c52
assets/fontawesome-webfont.svg:
  development: 2017-02-02T20:51:43-08:00   f99a231ed57ee113b50b1c3e9f9fcdc3
  production: 2017-02-13T12:20:04-08:00   f99a231ed57ee113b50b1c3e9f9fcdc3
assets/fontawesome-webfont.ttf:
  development: 2017-02-02T20:51:43-08:00   8cca2f02b0af2da365ff4d1755f29146
  production: 2017-02-13T12:20:04-08:00   8cca2f02b0af2da365ff4d1755f29146
assets/fontawesome-webfont.woff:
  development: 2017-02-02T20:51:43-08:00   b683029bafe0305ac2234038a03e1541
  production: 2017-02-13T12:20:04-08:00   b683029bafe0305ac2234038a03e1541
assets/homepage_featured_3_alt_image:
  development: 2017-02-03T13:38:03-08:00   7fec9d26dcd66586eb9cf57b191936d5
  production: 2017-02-13T12:20:04-08:00   7fec9d26dcd66586eb9cf57b191936d5
assets/main copy.js:
  development: 2017-02-02T21:40:39-08:00
  production: 2017-02-13T12:20:05-08:00
assets/main.css:
  development: 2018-06-28T14:24:02-07:00   bac1e4e90a8b5bf4fb2dd37dcfd117ae
  production: 2018-05-29T16:53:28-07:00   05995b454ac81bacfe3b2a87a272ec91
assets/main.css.map:
  development: 2018-06-28T14:24:03-07:00   c5e79d37fd3b3bc0692f4383a4d53a75
  production: 2018-05-29T16:53:34-07:00   284b08386ea90a407c235a8f49dbb89a
assets/main.js:
  development: 2018-06-28T15:02:44-07:00   1087cbca9f8fc7979884b7a4b9d8fbf4
  production: 2018-04-23T15:45:14-07:00   cdfa02264c9e0cbd5a80288a61bad1cd
assets/main.js.map:
  development: 2018-06-28T15:02:45-07:00   d7a33fcdc36fdc203f727b6e262f8a4f
  production: 2018-04-23T15:45:08-07:00   7141023157599e8d1ed0096cc12cf496
assets/modernizr.custom.js:
  development: 2018-06-28T15:02:42-07:00   6a9e420fb19c2bae820f0a948e9f3fa1
  production: 2018-01-03T13:15:14-08:00   09a8d3ced3e35cdf147544e19acb5701
assets/modernizr.custom.js.map:
  development: 2018-06-28T15:02:45-07:00   cdeb0a014a8562766c924e74d8cf92d4
  production: 2018-01-03T13:15:15-08:00   bef0e1c587ffdd2f9cac8f58fcde90d5
assets/modernizr.custom.min.js:
  development: 2017-07-24T15:49:28-07:00   f35ae39393d2a22ebee0b3e2aa45f826
  production: 2017-11-14T15:17:22-08:00   f35ae39393d2a22ebee0b3e2aa45f826
assets/modernizr.custom.min.js.map:
  development: 2017-07-24T15:49:27-07:00   fe452d3df20cc76a7e2a0b93270ccd77
  production: 2017-11-14T15:17:17-08:00   fe452d3df20cc76a7e2a0b93270ccd77
assets/photoswipe-ui-default.min.js:
  development: 2018-06-22T22:44:09-07:00   7958d358e1f125fea77f3c626551402d
assets/photoswipe.min.js:
  development: 2018-06-22T22:44:08-07:00   ee6526ae7bc3eafe3957914cfd494186
assets/popup-image:
  development: 2017-02-12T23:22:12-08:00   105f2c220b14ba59dd96d822078b5892
  production: 2017-02-13T12:20:06-08:00   105f2c220b14ba59dd96d822078b5892
assets/popup-image.jpg:
  development: 2017-02-12T23:21:48-08:00   8ffc90252d2b1bc923ef3dda792afb0f
  production: 2017-02-13T12:20:06-08:00   8ffc90252d2b1bc923ef3dda792afb0f
assets/shop.js.liquid:
  development: 2018-04-23T12:19:23-07:00   3c980e47c1503bf7460d9d5845a6fbd6
  production: 2017-11-06T18:32:02-08:00   3c980e47c1503bf7460d9d5845a6fbd6
assets/shopify_common.js:
  development: 2017-02-02T13:12:06-08:00   bf001459d7d6c7c05491db53511b03b1
  production: 2017-02-13T12:20:06-08:00   bf001459d7d6c7c05491db53511b03b1
assets/spk-logotype.svg:
  development: 2017-02-13T00:13:42-08:00   a665d6bdf39f4feca1d48abcb942fb9a
  production: 2017-02-13T12:20:07-08:00   a665d6bdf39f4feca1d48abcb942fb9a
assets/stepsForm.js:
  development: 2018-06-28T15:02:41-07:00   34c80b73831644557667cb5076dadbbc
  production: 2018-01-03T13:15:18-08:00   d1f384d4ee2e3c748b2ef813d9045c12
assets/stepsForm.js.map:
  development: 2018-06-28T15:02:42-07:00   6cc3043a3cac31d5067ba56ae2baba57
  production: 2018-01-03T13:15:18-08:00   d6c05d4853a1d06a954c03a9cb4a7dac
assets/style.scss.liquid:
  development: 2018-04-23T12:18:47-07:00   15238e7dc4e524e3b148665de0b4943c
  production: 2017-11-06T18:04:10-08:00   15238e7dc4e524e3b148665de0b4943c
assets/zoom-icon.svg:
  development: 2018-06-28T14:22:49-07:00   ce2ceadea792ebbdc17a9724741093dd
assets/zoom.svg:
  development: 2017-03-11T19:52:16-08:00   1eea0ccea0c978dfb4b25a0a43bc78f0
  production: 2017-03-13T17:15:14-07:00   1eea0ccea0c978dfb4b25a0a43bc78f0
config/settings.html:
  development: 2017-03-13T16:59:47-07:00   2190fe943d597ba953d5ffc7620bfff2
  production: 2017-02-22T17:02:09-08:00   2190fe943d597ba953d5ffc7620bfff2
config/settings_data.json:
  development: 2018-01-26T12:06:04-08:00   8a8f699a0a2902d78fe36178a6ca0733
  production: 2018-04-19T08:32:46-07:00   d0182264a5bb16d59e9595d80192b613
config/settings_schema.json:
  development: 2018-04-23T12:19:02-07:00   d1ad1cc1aa80c2dce482d2437ce35574
  production: 2018-04-23T12:40:35-07:00   d1ad1cc1aa80c2dce482d2437ce35574
layout/theme.liquid:
  development: 2018-06-22T22:49:16-07:00   85595d844f3985ef7dda6e7a569771ad
  production: 2018-04-23T14:07:58-07:00   8e15911f693de52b630b7bd673181286
locales/en.default.json:
  development: 2017-02-12T22:15:26-08:00   6fe253911c40ea512cdd66cfcb34dfac
  production: 2017-02-13T12:20:07-08:00   6fe253911c40ea512cdd66cfcb34dfac
snippets/article-grid-item.liquid:
  development: 2017-02-13T01:30:32-08:00
  production: 2017-02-13T12:20:07-08:00
snippets/article-loop-press.liquid:
  development: 2017-02-12T22:04:40-08:00   cd00844caa9b2d2d04c73f4061516203
  production: 2017-02-13T12:20:07-08:00   cd00844caa9b2d2d04c73f4061516203
snippets/article-loop.liquid:
  development: 2017-05-19T12:39:51-07:00   ee803be9255a0ac03831ac19b25ffc05
  production: 2017-03-23T18:21:49-07:00   ee803be9255a0ac03831ac19b25ffc05
snippets/carousel-modal.liquid:
  development: 2018-06-22T23:12:58-07:00   f6db55aceb5e66ee37505765ffd3b718
snippets/cloudinary-image.liquid:
  development: 2018-06-05T11:44:41-07:00   b6507b69730467a1723ead0be9485c7d
  production: 2018-05-29T16:53:28-07:00   4a03c6d26c2078b9322cb49f7121f327
snippets/collection-grid-item.liquid:
  development: 2017-02-13T01:30:46-08:00
  production: 2017-02-13T12:20:07-08:00
snippets/collection-listing.liquid:
  development: 2017-02-13T01:30:57-08:00
  production: 2017-02-13T12:20:07-08:00
snippets/contact-form.liquid:
  development: 2018-04-23T12:19:21-07:00   fe3abad582aafdd18edc7e715358eb09
  production: 2018-04-23T12:39:45-07:00   fe3abad582aafdd18edc7e715358eb09
snippets/featured-page.liquid:
  development: 2018-04-23T12:19:22-07:00   5394f152c2bbaa7d34d12aa25fdf5de5
  production: 2018-04-23T12:39:53-07:00   5394f152c2bbaa7d34d12aa25fdf5de5
snippets/featured-single.liquid:
  development: 2018-04-23T12:18:54-07:00   712f5966852c00debf1f14ca3ea558bd
  production: 2018-04-23T12:40:58-07:00   712f5966852c00debf1f14ca3ea558bd
snippets/featured-slider.liquid:
  development: 2018-04-23T12:19:06-07:00   ba7efc16dbe167be738f61960c1e6b8c
  production: 2018-04-23T12:39:49-07:00   ba7efc16dbe167be738f61960c1e6b8c
snippets/findus-contact-form.liquid:
  development: 2018-06-04T16:08:12-07:00   65b5012dee29b019537a542028ed38e1
  production: 2018-02-20T09:51:20-08:00   65b5012dee29b019537a542028ed38e1
snippets/footer.liquid:
  development: 2018-04-23T12:19:18-07:00   d79db1a7461577f4367e6c91bb147325
  production: 2018-01-03T13:15:14-08:00   d79db1a7461577f4367e6c91bb147325
snippets/header.liquid:
  development: 2017-05-19T12:40:19-07:00   5d176d8e0feefc7c9bd62edea99daf10
  production: 2017-04-06T10:45:16-07:00   5d176d8e0feefc7c9bd62edea99daf10
snippets/open-graph-tags.liquid:
  development: 2017-04-06T10:34:45-07:00   f5cf94f947792a6c09235ff7a0ccdbd2
  production: 2017-04-06T10:45:17-07:00   f5cf94f947792a6c09235ff7a0ccdbd2
snippets/pagination.liquid:
  development: 2017-02-13T01:19:52-08:00   96d03202c2bcbd86528e2d1f8b902117
  production: 2017-02-13T12:20:07-08:00   96d03202c2bcbd86528e2d1f8b902117
snippets/picture.liquid:
  development: 2017-02-07T14:40:36-08:00
  production: 2017-02-13T12:20:07-08:00
snippets/popup.liquid:
  development: 2017-11-16T16:26:24-08:00   d0c2bd9c6f08c0f3ccb5d0a4bc0c30c8
  production: 2017-03-02T15:23:36-08:00   d0c2bd9c6f08c0f3ccb5d0a4bc0c30c8
snippets/product-contact-form.liquid:
  development: 2017-05-19T13:12:01-07:00   7dfff6f99c556386cf617f16206c647e
  production: 2017-05-19T13:17:41-07:00   7dfff6f99c556386cf617f16206c647e
snippets/product-grid-item.liquid:
  development: 2018-04-23T12:18:54-07:00   380297b4c15ee520f9023ead071a92cf
  production: 2017-11-14T15:45:07-08:00   380297b4c15ee520f9023ead071a92cf
snippets/product-image-srcset.liquid:
  development: 2018-06-22T22:17:47-07:00   8c5bbb394ce7e49edd481439acc92523
  production: 2018-04-23T12:40:07-07:00   17134c53480c92eba2d71a6ac7bfe0f0
snippets/product-image-zoom.liquid:
  development: 2018-06-28T13:45:03-07:00   5f47cd8b9ef03cfabecf2f820e41a82c
  production: 2017-03-13T17:14:45-07:00   9016bbec0d1aaac518556e401c45388b
snippets/related-items.liquid:
  development: 2017-03-02T14:59:31-08:00   40ba319941681782ecef5961303bf3fe
  production: 2017-03-02T15:23:39-08:00   40ba319941681782ecef5961303bf3fe
snippets/site-nav.liquid:
  development: 2017-02-02T13:12:06-08:00   a6d977dc61bd322ced21e2bec7df62ea
  production: 2017-02-13T12:20:07-08:00   a6d977dc61bd322ced21e2bec7df62ea
snippets/sizing-info.liquid:
  development: 2018-04-23T12:18:46-07:00   a5cf38b5dd29af48f507c6c507eb150a
  production: 2017-11-08T12:15:25-08:00   a5cf38b5dd29af48f507c6c507eb150a
snippets/social-links.liquid:
  development: 2017-02-02T13:12:06-08:00   4a6dfe2a44e76037b90aa9eafc1c4b62
  production: 2017-04-06T10:45:01-07:00   4a6dfe2a44e76037b90aa9eafc1c4b62
snippets/twitter-card.liquid:
  development: 2017-02-02T13:12:06-08:00   d890500f75624d5697d7181e7b187985
  production: 2017-02-13T12:20:07-08:00   d890500f75624d5697d7181e7b187985
snippets/video.liquid:
  development: 2018-01-26T13:50:09-08:00   7731bc650374c0fc78af5727f4077c46
  production: 2018-04-23T12:39:46-07:00   7731bc650374c0fc78af5727f4077c46
templates/404.liquid:
  development: 2017-03-14T13:44:19-07:00   ab25a76ed90009386d0e8c0addc8de62
  production: 2017-06-23T13:09:20-07:00   ab25a76ed90009386d0e8c0addc8de62
templates/article.liquid:
  development: 2017-03-02T15:05:31-08:00   67cb986ccbe4e5216babf3dea2afa2fa
  production: 2017-03-02T15:23:44-08:00   67cb986ccbe4e5216babf3dea2afa2fa
templates/blog.grid.liquid:
  development: 2017-02-02T13:12:06-08:00   86be3e0e650207dd0893ab14ae349a6e
  production: 2017-02-13T12:20:07-08:00   86be3e0e650207dd0893ab14ae349a6e
templates/blog.liquid:
  development: 2017-02-12T22:01:31-08:00   01d074e86ecd35f8c31d27521931d62a
  production: 2017-02-13T12:20:08-08:00   01d074e86ecd35f8c31d27521931d62a
templates/cart.liquid:
  development: 2017-03-02T12:15:37-08:00   76615a4b1acf569947e505106bc96e08
  production: 2017-03-02T15:23:48-08:00   76615a4b1acf569947e505106bc96e08
templates/collection.liquid:
  development: 2018-06-28T14:09:37-07:00   45c57ccf21fe3cb1d49c2e1cf3c8739e
  production: 2018-05-29T16:53:48-07:00   92e1f5484b3f68a4ccd57c67d62d9e2d
templates/collection_MW_BACKUP_3026_2.liquid:
  development: 2017-11-16T16:26:27-08:00   d834df588a04142c5dda043838a3f903
  production: 2017-09-27T16:50:46-07:00   d834df588a04142c5dda043838a3f903
templates/customers/account.liquid:
  development: 2018-04-23T13:58:22-07:00   7d1bbd8a2cd984c60c4e7a848b5b505c
  production: 2018-04-23T14:07:59-07:00   7d1bbd8a2cd984c60c4e7a848b5b505c
templates/customers/login.liquid:
  development: 2018-04-23T15:13:37-07:00   5e928d98527f5b494eae128501f4b40d
  production: 2018-04-23T15:45:05-07:00   5e928d98527f5b494eae128501f4b40d
templates/gift_card.liquid:
  development: 2017-02-02T13:12:07-08:00   b01bce4d6b8a5b4620b34ef67c99071c
  production: 2017-02-13T12:20:08-08:00   b01bce4d6b8a5b4620b34ef67c99071c
templates/index.liquid:
  development: 2018-04-23T12:19:09-07:00   d0e15492effec415cdf3405bd36cdc7f
  production: 2017-12-18T14:48:09-08:00   d0e15492effec415cdf3405bd36cdc7f
templates/list-collections.liquid:
  development: 2017-02-02T13:12:06-08:00   d011f72b56eebbfce957d52067967a8e
  production: 2017-02-13T12:20:08-08:00   d011f72b56eebbfce957d52067967a8e
templates/page.custom.liquid:
  development: 2017-05-24T13:41:21-07:00   e1e57412bbb50a1b15fffdf99144138d
  production: 2017-05-24T13:41:21-07:00   e1e57412bbb50a1b15fffdf99144138d
templates/page.findus.liquid:
  development: 2018-06-04T16:08:10-07:00   84c53777444b288378e041e88aab8ec7
  production: 2018-02-08T15:09:42-08:00   84c53777444b288378e041e88aab8ec7
templates/page.liquid:
  development: 2017-03-02T15:09:44-08:00   4c2a73c6668291e91dc9c0b12dccb36d
  production: 2017-03-02T15:23:54-08:00   4c2a73c6668291e91dc9c0b12dccb36d
templates/product-original.liquid:
  development: 2017-02-08T16:29:12-08:00   3407b598b3614e5fa92e9740c2982d33
  production: 2017-02-13T12:20:08-08:00   3407b598b3614e5fa92e9740c2982d33
templates/product.liquid:
  development: 2018-06-28T13:48:14-07:00   087a4c42b3c7947e068fd7e4a51fdc36
  production: 2017-11-01T05:46:07-07:00   e706b57a7d0ced0ab0a7a3d3abaaefdf
templates/search.liquid:
  development: 2017-03-02T14:56:47-08:00   a0f4ae876bd76728a3e4e6e664160294
  production: 2017-03-02T15:23:57-08:00   a0f4ae876bd76728a3e4e6e664160294
