# THIS IS AN AUTOGENERATED FILE. DO NOT EDIT THIS FILE DIRECTLY.
assets/classie.js:
  development: 2017-09-28T01:44:21-07:00   247b10f25bacd31bc7141ade8a994407
assets/classie.js.map:
  development: 2017-08-14T15:33:05-07:00   4ffc806f3215b7fea0b82fc9ff1b331d
assets/main.css:
  development: 2017-09-28T01:58:29-07:00   2a34260fc7d72130171ef0b64f28613a
assets/main.css.map:
  development: 2017-09-28T01:58:29-07:00   1b5280937524ea7eb7e430d0dabd1990
assets/main.js:
  development: 2017-09-28T01:44:25-07:00   b17b99e2343307140a346350121ca359
assets/main.js.map:
  development: 2017-08-14T15:36:11-07:00   2c1b8691802865d1aef39335fdb48807
assets/modernizr.custom.js:
  development: 2017-09-28T01:44:23-07:00   eab1b2db04bd3e02425808159640aec3
assets/modernizr.custom.js.map:
  development: 2017-08-14T15:33:06-07:00   4d17fd9e4d9f167a0a1a1b41b7d37ebc
assets/stepsForm.js:
  development: 2017-09-28T01:44:24-07:00   f23ad79808a0f3dfc1da52d38024538b
assets/stepsForm.js.map:
  development: 2017-08-14T15:33:05-07:00   72f6bfe2da6fc8f050493748928b3dcf
layout/theme.liquid:
  development: 2017-09-28T03:25:10-07:00   0de6ce3e05f8f05239c392bd865f2669
snippets/popup.liquid:
  development: 2017-09-28T03:24:50-07:00   f200ba07f07764599491889708d3a5e9
